// !$*UTF8*$!
{
	archiveVersion = 1;
	classes = {
	};
	objectVersion = 50;
	objects = {

/* Begin PBXBuildFile section */
		67702DA3C76A65988B3FB0D6 /* Pods_LearnFirebase.framework in Frameworks */ = {isa = PBXBuildFile; fileRef = 821A35AC4899208B27DCD89B /* Pods_LearnFirebase.framework */; };
		F4194497231D7904000A3A14 /* AppDelegate.swift in Sources */ = {isa = PBXBuildFile; fileRef = F4194496231D7904000A3A14 /* AppDelegate.swift */; };
		F4194499231D7904000A3A14 /* ViewController.swift in Sources */ = {isa = PBXBuildFile; fileRef = F4194498231D7904000A3A14 /* ViewController.swift */; };
		F419449C231D7904000A3A14 /* Main.storyboard in Resources */ = {isa = PBXBuildFile; fileRef = F419449A231D7904000A3A14 /* Main.storyboard */; };
		F419449E231D791B000A3A14 /* Assets.xcassets in Resources */ = {isa = PBXBuildFile; fileRef = F419449D231D791B000A3A14 /* Assets.xcassets */; };
		F41944A1231D791B000A3A14 /* LaunchScreen.storyboard in Resources */ = {isa = PBXBuildFile; fileRef = F419449F231D791B000A3A14 /* LaunchScreen.storyboard */; };
/* End PBXBuildFile section */

/* Begin PBXFileReference section */
		821A35AC4899208B27DCD89B /* Pods_LearnFirebase.framework */ = {isa = PBXFileReference; explicitFileType = wrapper.framework; includeInIndex = 0; path = Pods_LearnFirebase.framework; sourceTree = BUILT_PRODUCTS_DIR; };
		ABABB94BC235E15AA32FF36F /* Pods-LearnFirebase.debug.xcconfig */ = {isa = PBXFileReference; includeInIndex = 1; lastKnownFileType = text.xcconfig; name = "Pods-LearnFirebase.debug.xcconfig"; path = "Target Support Files/Pods-LearnFirebase/Pods-LearnFirebase.debug.xcconfig"; sourceTree = "<group>"; };
		F1E0EB70490189DECFD710D1 /* Pods-LearnFirebase.release.xcconfig */ = {isa = PBXFileReference; includeInIndex = 1; lastKnownFileType = text.xcconfig; name = "Pods-LearnFirebase.release.xcconfig"; path = "Target Support Files/Pods-LearnFirebase/Pods-LearnFirebase.release.xcconfig"; sourceTree = "<group>"; };
		F4194493231D7904000A3A14 /* LearnFirebase.app */ = {isa = PBXFileReference; explicitFileType = wrapper.application; includeInIndex = 0; path = LearnFirebase.app; sourceTree = BUILT_PRODUCTS_DIR; };
		F4194496231D7904000A3A14 /* AppDelegate.swift */ = {isa = PBXFileReference; lastKnownFileType = sourcecode.swift; path = AppDelegate.swift; sourceTree = "<group>"; };
		F4194498231D7904000A3A14 /* ViewController.swift */ = {isa = PBXFileReference; lastKnownFileType = sourcecode.swift; path = ViewController.swift; sourceTree = "<group>"; };
		F419449B231D7904000A3A14 /* Base */ = {isa = PBXFileReference; lastKnownFileType = file.storyboard; name = Base; path = Base.lproj/Main.storyboard; sourceTree = "<group>"; };
		F419449D231D791B000A3A14 /* Assets.xcassets */ = {isa = PBXFileReference; lastKnownFileType = folder.assetcatalog; path = Assets.xcassets; sourceTree = "<group>"; };
		F41944A0231D791B000A3A14 /* Base */ = {isa = PBXFileReference; lastKnownFileType = file.storyboard; name = Base; path = Base.lproj/LaunchScreen.storyboard; sourceTree = "<group>"; };
		F41944A2231D791B000A3A14 /* Info.plist */ = {isa = PBXFileReference; lastKnownFileType = text.plist.xml; path = Info.plist; sourceTree = "<group>"; };
/* End PBXFileReference section */

/* Begin PBXFrameworksBuildPhase section */
		F4194490231D7904000A3A14 /* Frameworks */ = {
			isa = PBXFrameworksBuildPhase;
			buildActionMask = 2147483647;
			files = (
				67702DA3C76A65988B3FB0D6 /* Pods_LearnFirebase.framework in Frameworks */,
			);
			runOnlyForDeploymentPostprocessing = 0;
		};
/* End PBXFrameworksBuildPhase section */

/* Begin PBXGroup section */
		AE76CF1BEA4426C1668E8E04 /* Frameworks */ = {
			isa = PBXGroup;
			children = (
				821A35AC4899208B27DCD89B /* Pods_LearnFirebase.framework */,
			);
			name = Frameworks;
			sourceTree = "<group>";
		};
		B1B325CC83E476865D5BB996 /* Pods */ = {
			isa = PBXGroup;
			children = (
				ABABB94BC235E15AA32FF36F /* Pods-LearnFirebase.debug.xcconfig */,
				F1E0EB70490189DECFD710D1 /* Pods-LearnFirebase.release.xcconfig */,
			);
			name = Pods;
			path = Pods;
			sourceTree = "<group>";
		};
		F419448A231D7904000A3A14 = {
			isa = PBXGroup;
			children = (
				F4194495231D7904000A3A14 /* LearnFirebase */,
				F4194494231D7904000A3A14 /* Products */,
				B1B325CC83E476865D5BB996 /* Pods */,
				AE76CF1BEA4426C1668E8E04 /* Frameworks */,
			);
			sourceTree = "<group>";
		};
		F4194494231D7904000A3A14 /* Products */ = {
			isa = PBXGroup;
			children = (
				F4194493231D7904000A3A14 /* LearnFirebase.app */,
			);
			name = Products;
			sourceTree = "<group>";
		};
		F4194495231D7904000A3A14 /* LearnFirebase */ = {
			isa = PBXGroup;
			children = (
				F4194496231D7904000A3A14 /* AppDelegate.swift */,
				F4194498231D7904000A3A14 /* ViewController.swift */,
				F419449A231D7904000A3A14 /* Main.storyboard */,
				F419449D231D791B000A3A14 /* Assets.xcassets */,
				F419449F231D791B000A3A14 /* LaunchScreen.storyboard */,
				F41944A2231D791B000A3A14 /* Info.plist */,
			);
			path = LearnFirebase;
			sourceTree = "<group>";
		};
/* End PBXGroup section */

/* Begin PBXNativeTarget section */
		F4194492231D7904000A3A14 /* LearnFirebase */ = {
			isa = PBXNativeTarget;
			buildConfigurationList = F41944A5231D791B000A3A14 /* Build configuration list for PBXNativeTarget "LearnFirebase" */;
			buildPhases = (
				9C300EFF73B63296D1BB42FE /* [CP] Check Pods Manifest.lock */,
				F419448F231D7904000A3A14 /* Sources */,
				F4194490231D7904000A3A14 /* Frameworks */,
				F4194491231D7904000A3A14 /* Resources */,
				E744A0A8666BA2E0EA51A816 /* [CP] Embed Pods Frameworks */,
			);
			buildRules = (
			);
			dependencies = (
			);
			name = LearnFirebase;
			productName = LearnFirebase;
			productReference = F4194493231D7904000A3A14 /* LearnFirebase.app */;
			productType = "com.apple.product-type.application";
		};
/* End PBXNativeTarget section */

/* Begin PBXProject section */
		F419448B231D7904000A3A14 /* Project object */ = {
			isa = PBXProject;
			attributes = {
				LastSwiftUpdateCheck = 1030;
				LastUpgradeCheck = 1030;
				ORGANIZATIONNAME = "Nazim Uddin";
				TargetAttributes = {
					F4194492231D7904000A3A14 = {
						CreatedOnToolsVersion = 10.3;
					};
				};
			};
			buildConfigurationList = F419448E231D7904000A3A14 /* Build configuration list for PBXProject "LearnFirebase" */;
			compatibilityVersion = "Xcode 9.3";
			developmentRegion = en;
			hasScannedForEncodings = 0;
			knownRegions = (
				en,
				Base,
			);
			mainGroup = F419448A231D7904000A3A14;
			productRefGroup = F4194494231D7904000A3A14 /* Products */;
			projectDirPath = "";
			projectRoot = "";
			targets = (
				F4194492231D7904000A3A14 /* LearnFirebase */,
			);
		};
/* End PBXProject section */

/* Begin PBXResourcesBuildPhase section */
		F4194491231D7904000A3A14 /* Resources */ = {
			isa = PBXResourcesBuildPhase;
			buildActionMask = 2147483647;
			files = (
				F41944A1231D791B000A3A14 /* LaunchScreen.storyboard in Resources */,
				F419449E231D791B000A3A14 /* Assets.xcassets in Resources */,
				F419449C231D7904000A3A14 /* Main.storyboard in Resources */,
			);
			runOnlyForDeploymentPostprocessing = 0;
		};
/* End PBXResourcesBuildPhase section */

/* Begin PBXShellScriptBuildPhase section */
		9C300EFF73B63296D1BB42FE /* [CP] Check Pods Manifest.lock */ = {
			isa = PBXShellScriptBuildPhase;
			buildActionMask = 2147483647;
			files = (
			);
			inputFileListPaths = (
			);
			inputPaths = (
				"${PODS_PODFILE_DIR_PATH}/Podfile.lock",
				"${PODS_ROOT}/Manifest.lock",
			);
			name = "[CP] Check Pods Manifest.lock";
			outputFileListPaths = (
			);
			outputPaths = (
				"$(DERIVED_FILE_DIR)/Pods-LearnFirebase-checkManifestLockResult.txt",
			);
			runOnlyForDeploymentPostprocessing = 0;
			shellPath = /bin/sh;
			shellScript = "diff \"${PODS_PODFILE_DIR_PATH}/Podfile.lock\" \"${PODS_ROOT}/Manifest.lock\" > /dev/null\nif [ $? != 0 ] ; then\n    # print error to STDERR\n    echo \"error: The sandbox is not in sync with the Podfile.lock. Run 'pod install' or update your CocoaPods installation.\" >&2\n    exit 1\nfi\n# This output is used by Xcode 'outputs' to avoid re-running this script phase.\necho \"SUCCESS\" > \"${SCRIPT_OUTPUT_FILE_0}\"\n";
			showEnvVarsInLog = 0;
		};
		E744A0A8666BA2E0EA51A816 /* [CP] Embed Pods Frameworks */ = {
			isa = PBXShellScriptBuildPhase;
			buildActionMask = 2147483647;
			files = (
			);
			inputFileListPaths = (
				"${PODS_ROOT}/Target Support Files/Pods-LearnFirebase/Pods-LearnFirebase-frameworks-${CONFIGURATION}-input-files.xcfilelist",
			);
			name = "[CP] Embed Pods Frameworks";
			outputFileListPaths = (
				"${PODS_ROOT}/Target Support Files/Pods-LearnFirebase/Pods-LearnFirebase-frameworks-${CONFIGURATION}-output-files.xcfilelist",
			);
			runOnlyForDeploymentPostprocessing = 0;
			shellPath = /bin/sh;
			shellScript = "\"${PODS_ROOT}/Target Support Files/Pods-LearnFirebase/Pods-LearnFirebase-frameworks.sh\"\n";
			showEnvVarsInLog = 0;
		};
/* End PBXShellScriptBuildPhase section */

/* Begin PBXSourcesBuildPhase section */
		F419448F231D7904000A3A14 /* Sources */ = {
			isa = PBXSourcesBuildPhase;
			buildActionMask = 2147483647;
			files = (
				F4194499231D7904000A3A14 /* ViewController.swift in Sources */,
				F4194497231D7904000A3A14 /* AppDelegate.swift in Sources */,
			);
			runOnlyForDeploymentPostprocessing = 0;
		};
/* End PBXSourcesBuildPhase section */

/* Begin PBXVariantGroup section */
		F419449A231D7904000A3A14 /* Main.storyboard */ = {
			isa = PBXVariantGroup;
			children = (
				F419449B231D7904000A3A14 /* Base */,
			);
			name = Main.storyboard;
			sourceTree = "<group>";
		};
		F419449F231D791B000A3A14 /* LaunchScreen.storyboard */ = {
			isa = PBXVariantGroup;
			children = (
				F41944A0231D791B000A3A14 /* Base */,
			);
			name = LaunchScreen.storyboard;
			sourceTree = "<group>";
		};
/* End PBXVariantGroup section */

/* Begin XCBuildConfiguration section */
		F41944A3231D791B000A3A14 /* Debug */ = {
			isa = XCBuildConfiguration;
			buildSettings = {
				ALWAYS_SEARCH_USER_PATHS = NO;
				CLANG_ANALYZER_NONNULL = YES;
				CLANG_ANALYZER_NUMBER_OBJECT_CONVERSION = YES_AGGRESSIVE;
				CLANG_CXX_LANGUAGE_STANDARD = "gnu++14";
				CLANG_CXX_LIBRARY = "libc++";
				CLANG_ENABLE_MODULES = YES;
				CLANG_ENABLE_OBJC_ARC = YES;
				CLANG_ENABLE_OBJC_WEAK = YES;
				CLANG_WARN_BLOCK_CAPTURE_AUTORELEASING = YES;
				CLANG_WARN_BOOL_CONVERSION = YES;
				CLANG_WARN_COMMA = YES;
				CLANG_WARN_CONSTANT_CONVERSION = YES;
				CLANG_WARN_DEPRECATED_OBJC_IMPLEMENTATIONS = YES;
				CLANG_WARN_DIRECT_OBJC_ISA_USAGE = YES_ERROR;
				CLANG_WARN_DOCUMENTATION_COMMENTS = YES;
				CLANG_WARN_EMPTY_BODY = YES;
				CLANG_WARN_ENUM_CONVERSION = YES;
				CLANG_WARN_INFINITE_RECURSION = YES;
				CLANG_WARN_INT_CONVERSION = YES;
				CLANG_WARN_NON_LITERAL_NULL_CONVERSION = YES;
				CLANG_WARN_OBJC_IMPLICIT_RETAIN_SELF = YES;
				CLANG_WARN_OBJC_LITERAL_CONVERSION = YES;
				CLANG_WARN_OBJC_ROOT_CLASS = YES_ERROR;
				CLANG_WARN_RANGE_LOOP_ANALYSIS = YES;
				CLANG_WARN_STRICT_PROTOTYPES = YES;
				CLANG_WARN_SUSPICIOUS_MOVE = YES;
				CLANG_WARN_UNGUARDED_AVAILABILITY = YES_AGGRESSIVE;
				CLANG_WARN_UNREACHABLE_CODE = YES;
				CLANG_WARN__DUPLICATE_METHOD_MATCH = YES;
				CODE_SIGN_IDENTITY = "iPhone Developer";
				COPY_PHASE_STRIP = NO;
				DEBUG_INFORMATION_FORMAT = dwarf;
				ENABLE_STRICT_OBJC_MSGSEND = YES;
				ENABLE_TESTABILITY = YES;
				GCC_C_LANGUAGE_STANDARD = gnu11;
				GCC_DYNAMIC_NO_PIC = NO;
				GCC_NO_COMMON_BLOCKS = YES;
				GCC_OPTIMIZATION_LEVEL = 0;
				GCC_PREPROCESSOR_DEFINITIONS = (
					"DEBUG=1",
					"$(inherited)",
				);
				GCC_WARN_64_TO_32_BIT_CONVERSION = YES;
				GCC_WARN_ABOUT_RETURN_TYPE = YES_ERROR;
				GCC_WARN_UNDECLARED_SELECTOR = YES;
				GCC_WARN_UNINITIALIZED_AUTOS = YES_AGGRESSIVE;
				GCC_WARN_UNUSED_FUNCTION = YES;
				GCC_WARN_UNUSED_VARIABLE = YES;
				IPHONEOS_DEPLOYMENT_TARGET = 12.4;
				MTL_ENABLE_DEBUG_INFO = INCLUDE_SOURCE;
				MTL_FAST_MATH = YES;
				ONLY_ACTIVE_ARCH = YES;
				SDKROOT = iphoneos;
				SWIFT_ACTIVE_COMPILATION_CONDITIONS = DEBUG;
				SWIFT_OPTIMIZATION_LEVEL = "-Onone";
			};
			name = Debug;
		};
		F41944A4231D791B000A3A14 /* Release */ = {
			isa = XCBuildConfiguration;
			buildSettings = {
				ALWAYS_SEARCH_USER_PATHS = NO;
				CLANG_ANALYZER_NONNULL = YES;
				CLANG_ANALYZER_NUMBER_OBJECT_CONVERSION = YES_AGGRESSIVE;
				CLANG_CXX_LANGUAGE_STANDARD = "gnu++14";
				CLANG_CXX_LIBRARY = "libc++";
				CLANG_ENABLE_MODULES = YES;
				CLANG_ENABLE_OBJC_ARC = YES;
				CLANG_ENABLE_OBJC_WEAK = YES;
				CLANG_WARN_BLOCK_CAPTURE_AUTORELEASING = YES;
				CLANG_WARN_BOOL_CONVERSION = YES;
				CLANG_WARN_COMMA = YES;
				CLANG_WARN_CONSTANT_CONVERSION = YES;
				CLANG_WARN_DEPRECATED_OBJC_IMPLEMENTATIONS = YES;
				CLANG_WARN_DIRECT_OBJC_ISA_USAGE = YES_ERROR;
				CLANG_WARN_DOCUMENTATION_COMMENTS = YES;
				CLANG_WARN_EMPTY_BODY = YES;
				CLANG_WARN_ENUM_CONVERSION = YES;
				CLANG_WARN_INFINITE_RECURSION = YES;
				CLANG_WARN_INT_CONVERSION = YES;
				CLANG_WARN_NON_LITERAL_NULL_CONVERSION = YES;
				CLANG_WARN_OBJC_IMPLICIT_RETAIN_SELF = YES;
				CLANG_WARN_OBJC_LITERAL_CONVERSION = YES;
				CLANG_WARN_OBJC_ROOT_CLASS = YES_ERROR;
				CLANG_WARN_RANGE_LOOP_ANALYSIS = YES;
				CLANG_WARN_STRICT_PROTOTYPES = YES;
				CLANG_WARN_SUSPICIOUS_MOVE = YES;
				CLANG_WARN_UNGUARDED_AVAILABILITY = YES_AGGRESSIVE;
				CLANG_WARN_UNREACHABLE_CODE = YES;
				CLANG_WARN__DUPLICATE_METHOD_MATCH = YES;
				CODE_SIGN_IDENTITY = "iPhone Developer";
				COPY_PHASE_STRIP = NO;
				DEBUG_INFORMATION_FORMAT = "dwarf-with-dsym";
				ENABLE_NS_ASSERTIONS = NO;
				ENABLE_STRICT_OBJC_MSGSEND = YES;
				GCC_C_LANGUAGE_STANDARD = gnu11;
				GCC_NO_COMMON_BLOCKS = YES;
				GCC_WARN_64_TO_32_BIT_CONVERSION = YES;
				GCC_WARN_ABOUT_RETURN_TYPE = YES_ERROR;
				GCC_WARN_UNDECLARED_SELECTOR = YES;
				GCC_WARN_UNINITIALIZED_AUTOS = YES_AGGRESSIVE;
				GCC_WARN_UNUSED_FUNCTION = YES;
				GCC_WARN_UNUSED_VARIABLE = YES;
				IPHONEOS_DEPLOYMENT_TARGET = 12.4;
				MTL_ENABLE_DEBUG_INFO = NO;
				MTL_FAST_MATH = YES;
				SDKROOT = iphoneos;
				SWIFT_COMPILATION_MODE = wholemodule;
				SWIFT_OPTIMIZATION_LEVEL = "-O";
				VALIDATE_PRODUCT = YES;
			};
			name = Release;
		};
		F41944A6231D791B000A3A14 /* Debug */ = {
			isa = XCBuildConfiguration;
			baseConfigurationReference = ABABB94BC235E15AA32FF36F /* Pods-LearnFirebase.debug.xcconfig */;
			buildSettings = {
				ASSETCATALOG_COMPILER_APPICON_NAME = AppIcon;
				CODE_SIGN_STYLE = Automatic;
				DEVELOPMENT_TEAM = MR2599V69Q;
				INFOPLIST_FILE = LearnFirebase/Info.plist;
				LD_RUNPATH_SEARCH_PATHS = (
					"$(inherited)",
					"@executable_path/Frameworks",
				);
				PRODUCT_BUNDLE_IDENTIFIER = nazim.LearnFirebase;
				PRODUCT_NAME = "$(TARGET_NAME)";
				SWIFT_VERSION = 5.0;
				TARGETED_DEVICE_FAMILY = "1,2";
			};
			name = Debug;
		};
		F41944A7231D791B000A3A14 /* Release */ = {
			isa = XCBuildConfiguration;
			baseConfigurationReference = F1E0EB70490189DECFD710D1 /* Pods-LearnFirebase.release.xcconfig */;
			buildSettings = {
				ASSETCATALOG_COMPILER_APPICON_NAME = AppIcon;
				CODE_SIGN_STYLE = Automatic;
				DEVELOPMENT_TEAM = MR2599V69Q;
				INFOPLIST_FILE = LearnFirebase/Info.plist;
				LD_RUNPATH_SEARCH_PATHS = (
					"$(inherited)",
					"@executable_path/Frameworks",
				);
				PRODUCT_BUNDLE_IDENTIFIER = nazim.LearnFirebase;
				PRODUCT_NAME = "$(TARGET_NAME)";
				SWIFT_VERSION = 5.0;
				TARGETED_DEVICE_FAMILY = "1,2";
			};
			name = Release;
		};
/* End XCBuildConfiguration section */

/* Begin XCConfigurationList section */
		F419448E231D7904000A3A14 /* Build configuration list for PBXProject "LearnFirebase" */ = {
			isa = XCConfigurationList;
			buildConfigurations = (
				F41944A3231D791B000A3A14 /* Debug */,
				F41944A4231D791B000A3A14 /* Release */,
			);
			defaultConfigurationIsVisible = 0;
			defaultConfigurationName = Release;
		};
		F41944A5231D791B000A3A14 /* Build configuration list for PBXNativeTarget "LearnFirebase" */ = {
			isa = XCConfigurationList;
			buildConfigurations = (
				F41944A6231D791B000A3A14 /* Debug */,
				F41944A7231D791B000A3A14 /* Release */,
			);
			defaultConfigurationIsVisible = 0;
			defaultConfigurationName = Release;
		};
/* End XCConfigurationList section */
	};
	rootObject = F419448B231D7904000A3A14 /* Project object */;
}
